
Microsoft Visual Studio Solution File, Format Version 12.00
# Visual Studio Version 16
VisualStudioVersion = 16.0.29728.190
MinimumVisualStudioVersion = 10.0.40219.1
Project("{FAE04EC0-301F-11D3-BF4B-00C04F79EFBC}") = "MySelenium", "MySelenium\MySelenium.csproj", "{B64E445F-3E75-4953-9BD0-85A9F954E20B}"
EndProject
Global
	GlobalSection(SolutionConfigurationPlatforms) = preSolution
		Debug|Any CPU = Debug|Any CPU
		Release|Any CPU = Release|Any CPU
	EndGlobalSection
	GlobalSection(ProjectConfigurationPlatforms) = postSolution
		{B64E445F-3E75-4953-9BD0-85A9F954E20B}.Debug|Any CPU.ActiveCfg = Debug|Any CPU
		{B64E445F-3E75-4953-9BD0-85A9F954E20B}.Debug|Any CPU.Build.0 = Debug|Any CPU
		{B64E445F-3E75-4953-9BD0-85A9F954E20B}.Release|Any CPU.ActiveCfg = Release|Any CPU
		{B64E445F-3E75-4953-9BD0-85A9F954E20B}.Release|Any CPU.Build.0 = Release|Any CPU
	EndGlobalSection
	GlobalSection(SolutionProperties) = preSolution
		HideSolutionNode = FALSE
	EndGlobalSection
	GlobalSection(ExtensibilityGlobals) = postSolution
		SolutionGuid = {E31F572E-1E21-4CDA-8637-DCE32CDC849D}
	EndGlobalSection
EndGlobal
